
Microsoft Visual Studio Solution File, Format Version 12.00
# Visual Studio Version 17
VisualStudioVersion = 17.0.31903.59
MinimumVisualStudioVersion = 10.0.40219.1
Project("{2150E333-8FDC-42A3-9474-1A3956D46DE8}") = "src", "src", "{827E0CD3-B72D-47B6-A68D-7590B98EB39B}"
EndProject
Project("{FAE04EC0-301F-11D3-BF4B-00C04F79EFBC}") = "TournamentLab.Api", "src\TournamentLab.Api\TournamentLab.Api.csproj", "{DEE6F768-73B4-4CF0-B0FE-E4DB2A5FC81D}"
EndProject
Project("{FAE04EC0-301F-11D3-BF4B-00C04F79EFBC}") = "TournamentLab.Core", "src\TournamentLab.Core\TournamentLab.Core.csproj", "{68039E03-054B-45BF-9E53-CD1257BD7F5C}"
EndProject
Project("{FAE04EC0-301F-11D3-BF4B-00C04F79EFBC}") = "TournamentLab.Infrastructure", "src\TournamentLab.Infrastructure\TournamentLab.Infrastructure.csproj", "{7F88944D-D9F8-4286-8DCB-86E10E33C022}"
EndProject
Project("{2150E333-8FDC-42A3-9474-1A3956D46DE8}") = "tests", "tests", "{338A95E0-D18C-47D0-99B9-EDC4C9A80D2F}"
EndProject
Project("{FAE04EC0-301F-11D3-BF4B-00C04F79EFBC}") = "TournamentLab.Test", "tests\TournamentLab.Test\TournamentLab.Test.csproj", "{5E1ABEAD-210B-4DC9-A5CA-9993076DC5A1}"
EndProject
Global
	GlobalSection(SolutionConfigurationPlatforms) = preSolution
		Debug|Any CPU = Debug|Any CPU
		Debug|x64 = Debug|x64
		Debug|x86 = Debug|x86
		Release|Any CPU = Release|Any CPU
		Release|x64 = Release|x64
		Release|x86 = Release|x86
	EndGlobalSection
	GlobalSection(ProjectConfigurationPlatforms) = postSolution
		{DEE6F768-73B4-4CF0-B0FE-E4DB2A5FC81D}.Debug|Any CPU.ActiveCfg = Debug|Any CPU
		{DEE6F768-73B4-4CF0-B0FE-E4DB2A5FC81D}.Debug|Any CPU.Build.0 = Debug|Any CPU
		{DEE6F768-73B4-4CF0-B0FE-E4DB2A5FC81D}.Debug|x64.ActiveCfg = Debug|Any CPU
		{DEE6F768-73B4-4CF0-B0FE-E4DB2A5FC81D}.Debug|x64.Build.0 = Debug|Any CPU
		{DEE6F768-73B4-4CF0-B0FE-E4DB2A5FC81D}.Debug|x86.ActiveCfg = Debug|Any CPU
		{DEE6F768-73B4-4CF0-B0FE-E4DB2A5FC81D}.Debug|x86.Build.0 = Debug|Any CPU
		{DEE6F768-73B4-4CF0-B0FE-E4DB2A5FC81D}.Release|Any CPU.ActiveCfg = Release|Any CPU
		{DEE6F768-73B4-4CF0-B0FE-E4DB2A5FC81D}.Release|Any CPU.Build.0 = Release|Any CPU
		{DEE6F768-73B4-4CF0-B0FE-E4DB2A5FC81D}.Release|x64.ActiveCfg = Release|Any CPU
		{DEE6F768-73B4-4CF0-B0FE-E4DB2A5FC81D}.Release|x64.Build.0 = Release|Any CPU
		{DEE6F768-73B4-4CF0-B0FE-E4DB2A5FC81D}.Release|x86.ActiveCfg = Release|Any CPU
		{DEE6F768-73B4-4CF0-B0FE-E4DB2A5FC81D}.Release|x86.Build.0 = Release|Any CPU
		{68039E03-054B-45BF-9E53-CD1257BD7F5C}.Debug|Any CPU.ActiveCfg = Debug|Any CPU
		{68039E03-054B-45BF-9E53-CD1257BD7F5C}.Debug|Any CPU.Build.0 = Debug|Any CPU
		{68039E03-054B-45BF-9E53-CD1257BD7F5C}.Debug|x64.ActiveCfg = Debug|Any CPU
		{68039E03-054B-45BF-9E53-CD1257BD7F5C}.Debug|x64.Build.0 = Debug|Any CPU
		{68039E03-054B-45BF-9E53-CD1257BD7F5C}.Debug|x86.ActiveCfg = Debug|Any CPU
		{68039E03-054B-45BF-9E53-CD1257BD7F5C}.Debug|x86.Build.0 = Debug|Any CPU
		{68039E03-054B-45BF-9E53-CD1257BD7F5C}.Release|Any CPU.ActiveCfg = Release|Any CPU
		{68039E03-054B-45BF-9E53-CD1257BD7F5C}.Release|Any CPU.Build.0 = Release|Any CPU
		{68039E03-054B-45BF-9E53-CD1257BD7F5C}.Release|x64.ActiveCfg = Release|Any CPU
		{68039E03-054B-45BF-9E53-CD1257BD7F5C}.Release|x64.Build.0 = Release|Any CPU
		{68039E03-054B-45BF-9E53-CD1257BD7F5C}.Release|x86.ActiveCfg = Release|Any CPU
		{68039E03-054B-45BF-9E53-CD1257BD7F5C}.Release|x86.Build.0 = Release|Any CPU
		{7F88944D-D9F8-4286-8DCB-86E10E33C022}.Debug|Any CPU.ActiveCfg = Debug|Any CPU
		{7F88944D-D9F8-4286-8DCB-86E10E33C022}.Debug|Any CPU.Build.0 = Debug|Any CPU
		{7F88944D-D9F8-4286-8DCB-86E10E33C022}.Debug|x64.ActiveCfg = Debug|Any CPU
		{7F88944D-D9F8-4286-8DCB-86E10E33C022}.Debug|x64.Build.0 = Debug|Any CPU
		{7F88944D-D9F8-4286-8DCB-86E10E33C022}.Debug|x86.ActiveCfg = Debug|Any CPU
		{7F88944D-D9F8-4286-8DCB-86E10E33C022}.Debug|x86.Build.0 = Debug|Any CPU
		{7F88944D-D9F8-4286-8DCB-86E10E33C022}.Release|Any CPU.ActiveCfg = Release|Any CPU
		{7F88944D-D9F8-4286-8DCB-86E10E33C022}.Release|Any CPU.Build.0 = Release|Any CPU
		{7F88944D-D9F8-4286-8DCB-86E10E33C022}.Release|x64.ActiveCfg = Release|Any CPU
		{7F88944D-D9F8-4286-8DCB-86E10E33C022}.Release|x64.Build.0 = Release|Any CPU
		{7F88944D-D9F8-4286-8DCB-86E10E33C022}.Release|x86.ActiveCfg = Release|Any CPU
		{7F88944D-D9F8-4286-8DCB-86E10E33C022}.Release|x86.Build.0 = Release|Any CPU
		{5E1ABEAD-210B-4DC9-A5CA-9993076DC5A1}.Debug|Any CPU.ActiveCfg = Debug|Any CPU
		{5E1ABEAD-210B-4DC9-A5CA-9993076DC5A1}.Debug|Any CPU.Build.0 = Debug|Any CPU
		{5E1ABEAD-210B-4DC9-A5CA-9993076DC5A1}.Debug|x64.ActiveCfg = Debug|Any CPU
		{5E1ABEAD-210B-4DC9-A5CA-9993076DC5A1}.Debug|x64.Build.0 = Debug|Any CPU
		{5E1ABEAD-210B-4DC9-A5CA-9993076DC5A1}.Debug|x86.ActiveCfg = Debug|Any CPU
		{5E1ABEAD-210B-4DC9-A5CA-9993076DC5A1}.Debug|x86.Build.0 = Debug|Any CPU
		{5E1ABEAD-210B-4DC9-A5CA-9993076DC5A1}.Release|Any CPU.ActiveCfg = Release|Any CPU
		{5E1ABEAD-210B-4DC9-A5CA-9993076DC5A1}.Release|Any CPU.Build.0 = Release|Any CPU
		{5E1ABEAD-210B-4DC9-A5CA-9993076DC5A1}.Release|x64.ActiveCfg = Release|Any CPU
		{5E1ABEAD-210B-4DC9-A5CA-9993076DC5A1}.Release|x64.Build.0 = Release|Any CPU
		{5E1ABEAD-210B-4DC9-A5CA-9993076DC5A1}.Release|x86.ActiveCfg = Release|Any CPU
		{5E1ABEAD-210B-4DC9-A5CA-9993076DC5A1}.Release|x86.Build.0 = Release|Any CPU
	EndGlobalSection
	GlobalSection(SolutionProperties) = preSolution
		HideSolutionNode = FALSE
	EndGlobalSection
	GlobalSection(NestedProjects) = preSolution
		{DEE6F768-73B4-4CF0-B0FE-E4DB2A5FC81D} = {827E0CD3-B72D-47B6-A68D-7590B98EB39B}
		{68039E03-054B-45BF-9E53-CD1257BD7F5C} = {827E0CD3-B72D-47B6-A68D-7590B98EB39B}
		{7F88944D-D9F8-4286-8DCB-86E10E33C022} = {827E0CD3-B72D-47B6-A68D-7590B98EB39B}
		{5E1ABEAD-210B-4DC9-A5CA-9993076DC5A1} = {338A95E0-D18C-47D0-99B9-EDC4C9A80D2F}
	EndGlobalSection
EndGlobal
